// !$*UTF8*$!
{
	archiveVersion = 1;
	classes = {
	};
	objectVersion = 55;
	objects = {

/* Begin PBXBuildFile section */
		E50FE12C2726DD4E000EFD30 /* main.c in Sources */ = {isa = PBXBuildFile; fileRef = E50FE12B2726DD4E000EFD30 /* main.c */; };
		E50FE1372726E953000EFD30 /* main.c in Sources */ = {isa = PBXBuildFile; fileRef = E50FE1362726E953000EFD30 /* main.c */; };
		E50FE13D2726ECA4000EFD30 /* enter.c in Sources */ = {isa = PBXBuildFile; fileRef = E50FE13C2726ECA4000EFD30 /* enter.c */; };
		E50FE13F2726ECEC000EFD30 /* print.c in Sources */ = {isa = PBXBuildFile; fileRef = E50FE13E2726ECEC000EFD30 /* print.c */; };
		E50FE1472726F3DE000EFD30 /* main.c in Sources */ = {isa = PBXBuildFile; fileRef = E50FE1462726F3DE000EFD30 /* main.c */; };
		E50FE15327283DB1000EFD30 /* main.c in Sources */ = {isa = PBXBuildFile; fileRef = E50FE15227283DB1000EFD30 /* main.c */; };
		E50FE15F2728465D000EFD30 /* main.c in Sources */ = {isa = PBXBuildFile; fileRef = E50FE15E2728465D000EFD30 /* main.c */; };
		E51FF96C2720516A00123E01 /* main.c in Sources */ = {isa = PBXBuildFile; fileRef = E51FF96B2720516A00123E01 /* main.c */; };
		E51FF9772720577E00123E01 /* main.c in Sources */ = {isa = PBXBuildFile; fileRef = E51FF9762720577E00123E01 /* main.c */; };
		E5A2DDC6271F0E29006B9F0D /* main.c in Sources */ = {isa = PBXBuildFile; fileRef = E5A2DDC5271F0E29006B9F0D /* main.c */; };
		E5A2DDE5271F17CE006B9F0D /* main.c in Sources */ = {isa = PBXBuildFile; fileRef = E5A2DDE4271F17CE006B9F0D /* main.c */; };
		E5A2DDED271F1A70006B9F0D /* main.c in Sources */ = {isa = PBXBuildFile; fileRef = E5A2DDEC271F1A70006B9F0D /* main.c */; };
		E5A2DDF2271F1A9B006B9F0D /* addtwonum.c in Sources */ = {isa = PBXBuildFile; fileRef = E5A2DDF1271F1A9B006B9F0D /* addtwonum.c */; };
		E5A2DDFC27203D9B006B9F0D /* main.c in Sources */ = {isa = PBXBuildFile; fileRef = E5A2DDFB27203D9B006B9F0D /* main.c */; };
		E5A2DE09272044DC006B9F0D /* main.c in Sources */ = {isa = PBXBuildFile; fileRef = E5A2DE08272044DC006B9F0D /* main.c */; };
		E5A2DE1627204C9B006B9F0D /* main.c in Sources */ = {isa = PBXBuildFile; fileRef = E5A2DE1527204C9B006B9F0D /* main.c */; };
/* End PBXBuildFile section */

/* Begin PBXCopyFilesBuildPhase section */
		E50FE1272726DD4E000EFD30 /* CopyFiles */ = {
			isa = PBXCopyFilesBuildPhase;
			buildActionMask = 2147483647;
			dstPath = /usr/share/man/man1/;
			dstSubfolderSpec = 0;
			files = (
			);
			runOnlyForDeploymentPostprocessing = 1;
		};
		E50FE1322726E953000EFD30 /* CopyFiles */ = {
			isa = PBXCopyFilesBuildPhase;
			buildActionMask = 2147483647;
			dstPath = /usr/share/man/man1/;
			dstSubfolderSpec = 0;
			files = (
			);
			runOnlyForDeploymentPostprocessing = 1;
		};
		E50FE1422726F3DE000EFD30 /* CopyFiles */ = {
			isa = PBXCopyFilesBuildPhase;
			buildActionMask = 2147483647;
			dstPath = /usr/share/man/man1/;
			dstSubfolderSpec = 0;
			files = (
			);
			runOnlyForDeploymentPostprocessing = 1;
		};
		E50FE14E27283DB1000EFD30 /* CopyFiles */ = {
			isa = PBXCopyFilesBuildPhase;
			buildActionMask = 2147483647;
			dstPath = /usr/share/man/man1/;
			dstSubfolderSpec = 0;
			files = (
			);
			runOnlyForDeploymentPostprocessing = 1;
		};
		E50FE15A2728465D000EFD30 /* CopyFiles */ = {
			isa = PBXCopyFilesBuildPhase;
			buildActionMask = 2147483647;
			dstPath = /usr/share/man/man1/;
			dstSubfolderSpec = 0;
			files = (
			);
			runOnlyForDeploymentPostprocessing = 1;
		};
		E51FF9672720516A00123E01 /* CopyFiles */ = {
			isa = PBXCopyFilesBuildPhase;
			buildActionMask = 2147483647;
			dstPath = /usr/share/man/man1/;
			dstSubfolderSpec = 0;
			files = (
			);
			runOnlyForDeploymentPostprocessing = 1;
		};
		E51FF9722720577E00123E01 /* CopyFiles */ = {
			isa = PBXCopyFilesBuildPhase;
			buildActionMask = 2147483647;
			dstPath = /usr/share/man/man1/;
			dstSubfolderSpec = 0;
			files = (
			);
			runOnlyForDeploymentPostprocessing = 1;
		};
		E5A2DDC0271F0E29006B9F0D /* CopyFiles */ = {
			isa = PBXCopyFilesBuildPhase;
			buildActionMask = 2147483647;
			dstPath = /usr/share/man/man1/;
			dstSubfolderSpec = 0;
			files = (
			);
			runOnlyForDeploymentPostprocessing = 1;
		};
		E5A2DDD8271F1550006B9F0D /* CopyFiles */ = {
			isa = PBXCopyFilesBuildPhase;
			buildActionMask = 2147483647;
			dstPath = /usr/share/man/man1/;
			dstSubfolderSpec = 0;
			files = (
			);
			runOnlyForDeploymentPostprocessing = 1;
		};
		E5A2DDE8271F1A70006B9F0D /* CopyFiles */ = {
			isa = PBXCopyFilesBuildPhase;
			buildActionMask = 2147483647;
			dstPath = /usr/share/man/man1/;
			dstSubfolderSpec = 0;
			files = (
			);
			runOnlyForDeploymentPostprocessing = 1;
		};
		E5A2DDF727203D9B006B9F0D /* CopyFiles */ = {
			isa = PBXCopyFilesBuildPhase;
			buildActionMask = 2147483647;
			dstPath = /usr/share/man/man1/;
			dstSubfolderSpec = 0;
			files = (
			);
			runOnlyForDeploymentPostprocessing = 1;
		};
		E5A2DE04272044DC006B9F0D /* CopyFiles */ = {
			isa = PBXCopyFilesBuildPhase;
			buildActionMask = 2147483647;
			dstPath = /usr/share/man/man1/;
			dstSubfolderSpec = 0;
			files = (
			);
			runOnlyForDeploymentPostprocessing = 1;
		};
		E5A2DE1127204C9B006B9F0D /* CopyFiles */ = {
			isa = PBXCopyFilesBuildPhase;
			buildActionMask = 2147483647;
			dstPath = /usr/share/man/man1/;
			dstSubfolderSpec = 0;
			files = (
			);
			runOnlyForDeploymentPostprocessing = 1;
		};
/* End PBXCopyFilesBuildPhase section */

/* Begin PBXFileReference section */
		E50FE1292726DD4E000EFD30 /* loop */ = {isa = PBXFileReference; explicitFileType = "compiled.mach-o.executable"; includeInIndex = 0; path = loop; sourceTree = BUILT_PRODUCTS_DIR; };
		E50FE12B2726DD4E000EFD30 /* main.c */ = {isa = PBXFileReference; lastKnownFileType = sourcecode.c.c; path = main.c; sourceTree = "<group>"; };
		E50FE1342726E953000EFD30 /* function */ = {isa = PBXFileReference; explicitFileType = "compiled.mach-o.executable"; includeInIndex = 0; path = function; sourceTree = BUILT_PRODUCTS_DIR; };
		E50FE1362726E953000EFD30 /* main.c */ = {isa = PBXFileReference; lastKnownFileType = sourcecode.c.c; path = main.c; sourceTree = "<group>"; };
		E50FE13B2726E971000EFD30 /* readme.md */ = {isa = PBXFileReference; lastKnownFileType = net.daringfireball.markdown; path = readme.md; sourceTree = "<group>"; };
		E50FE13C2726ECA4000EFD30 /* enter.c */ = {isa = PBXFileReference; lastKnownFileType = sourcecode.c.c; path = enter.c; sourceTree = "<group>"; };
		E50FE13E2726ECEC000EFD30 /* print.c */ = {isa = PBXFileReference; lastKnownFileType = sourcecode.c.c; path = print.c; sourceTree = "<group>"; };
		E50FE1442726F3DE000EFD30 /* scope */ = {isa = PBXFileReference; explicitFileType = "compiled.mach-o.executable"; includeInIndex = 0; path = scope; sourceTree = BUILT_PRODUCTS_DIR; };
		E50FE1462726F3DE000EFD30 /* main.c */ = {isa = PBXFileReference; lastKnownFileType = sourcecode.c.c; path = main.c; sourceTree = "<group>"; };
		E50FE14B2726F5B8000EFD30 /* readme.md */ = {isa = PBXFileReference; lastKnownFileType = net.daringfireball.markdown; path = readme.md; sourceTree = "<group>"; };
		E50FE15027283DB1000EFD30 /* array */ = {isa = PBXFileReference; explicitFileType = "compiled.mach-o.executable"; includeInIndex = 0; path = array; sourceTree = BUILT_PRODUCTS_DIR; };
		E50FE15227283DB1000EFD30 /* main.c */ = {isa = PBXFileReference; lastKnownFileType = sourcecode.c.c; path = main.c; sourceTree = "<group>"; };
		E50FE15727283FDE000EFD30 /* readme.md */ = {isa = PBXFileReference; lastKnownFileType = net.daringfireball.markdown; path = readme.md; sourceTree = "<group>"; };
		E50FE15C2728465D000EFD30 /* function_return_array */ = {isa = PBXFileReference; explicitFileType = "compiled.mach-o.executable"; includeInIndex = 0; path = function_return_array; sourceTree = BUILT_PRODUCTS_DIR; };
		E50FE15E2728465D000EFD30 /* main.c */ = {isa = PBXFileReference; lastKnownFileType = sourcecode.c.c; path = main.c; sourceTree = "<group>"; };
		E51FF96427204EB300123E01 /* readme */ = {isa = PBXFileReference; lastKnownFileType = text; path = readme; sourceTree = "<group>"; };
		E51FF9692720516A00123E01 /* operator */ = {isa = PBXFileReference; explicitFileType = "compiled.mach-o.executable"; includeInIndex = 0; path = operator; sourceTree = BUILT_PRODUCTS_DIR; };
		E51FF96B2720516A00123E01 /* main.c */ = {isa = PBXFileReference; lastKnownFileType = sourcecode.c.c; path = main.c; sourceTree = "<group>"; };
		E51FF9742720577E00123E01 /* judgement */ = {isa = PBXFileReference; explicitFileType = "compiled.mach-o.executable"; includeInIndex = 0; path = judgement; sourceTree = BUILT_PRODUCTS_DIR; };
		E51FF9762720577E00123E01 /* main.c */ = {isa = PBXFileReference; lastKnownFileType = sourcecode.c.c; path = main.c; sourceTree = "<group>"; };
		E5A2DDC2271F0E29006B9F0D /* learnc */ = {isa = PBXFileReference; explicitFileType = "compiled.mach-o.executable"; includeInIndex = 0; path = learnc; sourceTree = BUILT_PRODUCTS_DIR; };
		E5A2DDC5271F0E29006B9F0D /* main.c */ = {isa = PBXFileReference; lastKnownFileType = sourcecode.c.c; path = main.c; sourceTree = "<group>"; };
		E5A2DDCD271F1103006B9F0D /* readme.md */ = {isa = PBXFileReference; fileEncoding = 4; lastKnownFileType = net.daringfireball.markdown; path = readme.md; sourceTree = "<group>"; };
		E5A2DDDA271F1550006B9F0D /* getsize */ = {isa = PBXFileReference; explicitFileType = "compiled.mach-o.executable"; includeInIndex = 0; path = getsize; sourceTree = BUILT_PRODUCTS_DIR; };
		E5A2DDE4271F17CE006B9F0D /* main.c */ = {isa = PBXFileReference; lastKnownFileType = sourcecode.c.c; path = main.c; sourceTree = "<group>"; };
		E5A2DDEA271F1A70006B9F0D /* variant */ = {isa = PBXFileReference; explicitFileType = "compiled.mach-o.executable"; includeInIndex = 0; path = variant; sourceTree = BUILT_PRODUCTS_DIR; };
		E5A2DDEC271F1A70006B9F0D /* main.c */ = {isa = PBXFileReference; lastKnownFileType = sourcecode.c.c; path = main.c; sourceTree = "<group>"; };
		E5A2DDF1271F1A9B006B9F0D /* addtwonum.c */ = {isa = PBXFileReference; lastKnownFileType = sourcecode.c.c; path = addtwonum.c; sourceTree = "<group>"; };
		E5A2DDF927203D9B006B9F0D /* bool_variant */ = {isa = PBXFileReference; explicitFileType = "compiled.mach-o.executable"; includeInIndex = 0; path = bool_variant; sourceTree = BUILT_PRODUCTS_DIR; };
		E5A2DDFB27203D9B006B9F0D /* main.c */ = {isa = PBXFileReference; lastKnownFileType = sourcecode.c.c; path = main.c; sourceTree = "<group>"; };
		E5A2DE00272040C7006B9F0D /* global_local_variants.md */ = {isa = PBXFileReference; explicitFileType = text; path = global_local_variants.md; sourceTree = "<group>"; };
		E5A2DE06272044DC006B9F0D /* constant */ = {isa = PBXFileReference; explicitFileType = "compiled.mach-o.executable"; includeInIndex = 0; path = constant; sourceTree = BUILT_PRODUCTS_DIR; };
		E5A2DE08272044DC006B9F0D /* main.c */ = {isa = PBXFileReference; lastKnownFileType = sourcecode.c.c; path = main.c; sourceTree = "<group>"; };
		E5A2DE0D27204522006B9F0D /* readme.md */ = {isa = PBXFileReference; explicitFileType = text; path = readme.md; sourceTree = "<group>"; };
		E5A2DE1327204C9B006B9F0D /* storage_type */ = {isa = PBXFileReference; explicitFileType = "compiled.mach-o.executable"; includeInIndex = 0; path = storage_type; sourceTree = BUILT_PRODUCTS_DIR; };
		E5A2DE1527204C9B006B9F0D /* main.c */ = {isa = PBXFileReference; lastKnownFileType = sourcecode.c.c; path = main.c; sourceTree = "<group>"; };
/* End PBXFileReference section */

/* Begin PBXFrameworksBuildPhase section */
		E50FE1262726DD4E000EFD30 /* Frameworks */ = {
			isa = PBXFrameworksBuildPhase;
			buildActionMask = 2147483647;
			files = (
			);
			runOnlyForDeploymentPostprocessing = 0;
		};
		E50FE1312726E953000EFD30 /* Frameworks */ = {
			isa = PBXFrameworksBuildPhase;
			buildActionMask = 2147483647;
			files = (
			);
			runOnlyForDeploymentPostprocessing = 0;
		};
		E50FE1412726F3DE000EFD30 /* Frameworks */ = {
			isa = PBXFrameworksBuildPhase;
			buildActionMask = 2147483647;
			files = (
			);
			runOnlyForDeploymentPostprocessing = 0;
		};
		E50FE14D27283DB1000EFD30 /* Frameworks */ = {
			isa = PBXFrameworksBuildPhase;
			buildActionMask = 2147483647;
			files = (
			);
			runOnlyForDeploymentPostprocessing = 0;
		};
		E50FE1592728465D000EFD30 /* Frameworks */ = {
			isa = PBXFrameworksBuildPhase;
			buildActionMask = 2147483647;
			files = (
			);
			runOnlyForDeploymentPostprocessing = 0;
		};
		E51FF9662720516A00123E01 /* Frameworks */ = {
			isa = PBXFrameworksBuildPhase;
			buildActionMask = 2147483647;
			files = (
			);
			runOnlyForDeploymentPostprocessing = 0;
		};
		E51FF9712720577E00123E01 /* Frameworks */ = {
			isa = PBXFrameworksBuildPhase;
			buildActionMask = 2147483647;
			files = (
			);
			runOnlyForDeploymentPostprocessing = 0;
		};
		E5A2DDBF271F0E29006B9F0D /* Frameworks */ = {
			isa = PBXFrameworksBuildPhase;
			buildActionMask = 2147483647;
			files = (
			);
			runOnlyForDeploymentPostprocessing = 0;
		};
		E5A2DDD7271F1550006B9F0D /* Frameworks */ = {
			isa = PBXFrameworksBuildPhase;
			buildActionMask = 2147483647;
			files = (
			);
			runOnlyForDeploymentPostprocessing = 0;
		};
		E5A2DDE7271F1A70006B9F0D /* Frameworks */ = {
			isa = PBXFrameworksBuildPhase;
			buildActionMask = 2147483647;
			files = (
			);
			runOnlyForDeploymentPostprocessing = 0;
		};
		E5A2DDF627203D9B006B9F0D /* Frameworks */ = {
			isa = PBXFrameworksBuildPhase;
			buildActionMask = 2147483647;
			files = (
			);
			runOnlyForDeploymentPostprocessing = 0;
		};
		E5A2DE03272044DC006B9F0D /* Frameworks */ = {
			isa = PBXFrameworksBuildPhase;
			buildActionMask = 2147483647;
			files = (
			);
			runOnlyForDeploymentPostprocessing = 0;
		};
		E5A2DE1027204C9B006B9F0D /* Frameworks */ = {
			isa = PBXFrameworksBuildPhase;
			buildActionMask = 2147483647;
			files = (
			);
			runOnlyForDeploymentPostprocessing = 0;
		};
/* End PBXFrameworksBuildPhase section */

/* Begin PBXGroup section */
		E50FE12A2726DD4E000EFD30 /* loop */ = {
			isa = PBXGroup;
			children = (
				E50FE12B2726DD4E000EFD30 /* main.c */,
			);
			path = loop;
			sourceTree = "<group>";
		};
		E50FE1352726E953000EFD30 /* function */ = {
			isa = PBXGroup;
			children = (
				E50FE13E2726ECEC000EFD30 /* print.c */,
				E50FE1362726E953000EFD30 /* main.c */,
				E50FE13B2726E971000EFD30 /* readme.md */,
				E50FE13C2726ECA4000EFD30 /* enter.c */,
			);
			path = function;
			sourceTree = "<group>";
		};
		E50FE1452726F3DE000EFD30 /* scope */ = {
			isa = PBXGroup;
			children = (
				E50FE1462726F3DE000EFD30 /* main.c */,
				E50FE14B2726F5B8000EFD30 /* readme.md */,
			);
			path = scope;
			sourceTree = "<group>";
		};
		E50FE15127283DB1000EFD30 /* array */ = {
			isa = PBXGroup;
			children = (
				E50FE15227283DB1000EFD30 /* main.c */,
				E50FE15727283FDE000EFD30 /* readme.md */,
			);
			path = array;
			sourceTree = "<group>";
		};
		E50FE15D2728465D000EFD30 /* function_return_array */ = {
			isa = PBXGroup;
			children = (
				E50FE15E2728465D000EFD30 /* main.c */,
			);
			path = function_return_array;
			sourceTree = "<group>";
		};
		E51FF96A2720516A00123E01 /* operator */ = {
			isa = PBXGroup;
			children = (
				E51FF96B2720516A00123E01 /* main.c */,
			);
			path = operator;
			sourceTree = "<group>";
		};
		E51FF9752720577E00123E01 /* judgement */ = {
			isa = PBXGroup;
			children = (
				E51FF9762720577E00123E01 /* main.c */,
			);
			path = judgement;
			sourceTree = "<group>";
		};
		E5A2DDB9271F0E29006B9F0D = {
			isa = PBXGroup;
			children = (
				E5A2DDCD271F1103006B9F0D /* readme.md */,
				E5A2DDC4271F0E29006B9F0D /* helloworld */,
				E5A2DDDB271F1550006B9F0D /* getsize */,
				E5A2DDEB271F1A70006B9F0D /* variant */,
				E5A2DDFA27203D9B006B9F0D /* bool_variant */,
				E5A2DE07272044DC006B9F0D /* constant */,
				E5A2DE1427204C9B006B9F0D /* storage_type */,
				E51FF96A2720516A00123E01 /* operator */,
				E51FF9752720577E00123E01 /* judgement */,
				E50FE12A2726DD4E000EFD30 /* loop */,
				E50FE1352726E953000EFD30 /* function */,
				E50FE1452726F3DE000EFD30 /* scope */,
				E50FE15127283DB1000EFD30 /* array */,
				E50FE15D2728465D000EFD30 /* function_return_array */,
				E5A2DDC3271F0E29006B9F0D /* Products */,
			);
			sourceTree = "<group>";
		};
		E5A2DDC3271F0E29006B9F0D /* Products */ = {
			isa = PBXGroup;
			children = (
				E5A2DDC2271F0E29006B9F0D /* learnc */,
				E5A2DDDA271F1550006B9F0D /* getsize */,
				E5A2DDEA271F1A70006B9F0D /* variant */,
				E5A2DDF927203D9B006B9F0D /* bool_variant */,
				E5A2DE06272044DC006B9F0D /* constant */,
				E5A2DE1327204C9B006B9F0D /* storage_type */,
				E51FF9692720516A00123E01 /* operator */,
				E51FF9742720577E00123E01 /* judgement */,
				E50FE1292726DD4E000EFD30 /* loop */,
				E50FE1342726E953000EFD30 /* function */,
				E50FE1442726F3DE000EFD30 /* scope */,
				E50FE15027283DB1000EFD30 /* array */,
				E50FE15C2728465D000EFD30 /* function_return_array */,
			);
			name = Products;
			sourceTree = "<group>";
		};
		E5A2DDC4271F0E29006B9F0D /* helloworld */ = {
			isa = PBXGroup;
			children = (
				E5A2DDC5271F0E29006B9F0D /* main.c */,
			);
			path = helloworld;
			sourceTree = "<group>";
			usesTabs = 0;
		};
		E5A2DDDB271F1550006B9F0D /* getsize */ = {
			isa = PBXGroup;
			children = (
				E5A2DDE4271F17CE006B9F0D /* main.c */,
			);
			path = getsize;
			sourceTree = "<group>";
		};
		E5A2DDEB271F1A70006B9F0D /* variant */ = {
			isa = PBXGroup;
			children = (
				E5A2DDF1271F1A9B006B9F0D /* addtwonum.c */,
				E5A2DDEC271F1A70006B9F0D /* main.c */,
				E5A2DE00272040C7006B9F0D /* global_local_variants.md */,
			);
			path = variant;
			sourceTree = "<group>";
		};
		E5A2DDFA27203D9B006B9F0D /* bool_variant */ = {
			isa = PBXGroup;
			children = (
				E5A2DDFB27203D9B006B9F0D /* main.c */,
			);
			path = bool_variant;
			sourceTree = "<group>";
		};
		E5A2DE07272044DC006B9F0D /* constant */ = {
			isa = PBXGroup;
			children = (
				E5A2DE0D27204522006B9F0D /* readme.md */,
				E5A2DE08272044DC006B9F0D /* main.c */,
			);
			path = constant;
			sourceTree = "<group>";
		};
		E5A2DE1427204C9B006B9F0D /* storage_type */ = {
			isa = PBXGroup;
			children = (
				E51FF96427204EB300123E01 /* readme */,
				E5A2DE1527204C9B006B9F0D /* main.c */,
			);
			path = storage_type;
			sourceTree = "<group>";
		};
/* End PBXGroup section */

/* Begin PBXNativeTarget section */
		E50FE1282726DD4E000EFD30 /* loop */ = {
			isa = PBXNativeTarget;
			buildConfigurationList = E50FE12F2726DD4E000EFD30 /* Build configuration list for PBXNativeTarget "loop" */;
			buildPhases = (
				E50FE1252726DD4E000EFD30 /* Sources */,
				E50FE1262726DD4E000EFD30 /* Frameworks */,
				E50FE1272726DD4E000EFD30 /* CopyFiles */,
			);
			buildRules = (
			);
			dependencies = (
			);
			name = loop;
			productName = loop;
			productReference = E50FE1292726DD4E000EFD30 /* loop */;
			productType = "com.apple.product-type.tool";
		};
		E50FE1332726E953000EFD30 /* function */ = {
			isa = PBXNativeTarget;
			buildConfigurationList = E50FE1382726E953000EFD30 /* Build configuration list for PBXNativeTarget "function" */;
			buildPhases = (
				E50FE1302726E953000EFD30 /* Sources */,
				E50FE1312726E953000EFD30 /* Frameworks */,
				E50FE1322726E953000EFD30 /* CopyFiles */,
			);
			buildRules = (
			);
			dependencies = (
			);
			name = function;
			productName = function;
			productReference = E50FE1342726E953000EFD30 /* function */;
			productType = "com.apple.product-type.tool";
		};
		E50FE1432726F3DE000EFD30 /* scope */ = {
			isa = PBXNativeTarget;
			buildConfigurationList = E50FE1482726F3DE000EFD30 /* Build configuration list for PBXNativeTarget "scope" */;
			buildPhases = (
				E50FE1402726F3DE000EFD30 /* Sources */,
				E50FE1412726F3DE000EFD30 /* Frameworks */,
				E50FE1422726F3DE000EFD30 /* CopyFiles */,
			);
			buildRules = (
			);
			dependencies = (
			);
			name = scope;
			productName = scope;
			productReference = E50FE1442726F3DE000EFD30 /* scope */;
			productType = "com.apple.product-type.tool";
		};
		E50FE14F27283DB1000EFD30 /* array */ = {
			isa = PBXNativeTarget;
			buildConfigurationList = E50FE15627283DB1000EFD30 /* Build configuration list for PBXNativeTarget "array" */;
			buildPhases = (
				E50FE14C27283DB1000EFD30 /* Sources */,
				E50FE14D27283DB1000EFD30 /* Frameworks */,
				E50FE14E27283DB1000EFD30 /* CopyFiles */,
			);
			buildRules = (
			);
			dependencies = (
			);
			name = array;
			productName = array;
			productReference = E50FE15027283DB1000EFD30 /* array */;
			productType = "com.apple.product-type.tool";
		};
		E50FE15B2728465D000EFD30 /* function_return_array */ = {
			isa = PBXNativeTarget;
			buildConfigurationList = E50FE1602728465D000EFD30 /* Build configuration list for PBXNativeTarget "function_return_array" */;
			buildPhases = (
				E50FE1582728465D000EFD30 /* Sources */,
				E50FE1592728465D000EFD30 /* Frameworks */,
				E50FE15A2728465D000EFD30 /* CopyFiles */,
			);
			buildRules = (
			);
			dependencies = (
			);
			name = function_return_array;
			productName = function_return_array;
			productReference = E50FE15C2728465D000EFD30 /* function_return_array */;
			productType = "com.apple.product-type.tool";
		};
		E51FF9682720516A00123E01 /* operator */ = {
			isa = PBXNativeTarget;
			buildConfigurationList = E51FF96D2720516A00123E01 /* Build configuration list for PBXNativeTarget "operator" */;
			buildPhases = (
				E51FF9652720516A00123E01 /* Sources */,
				E51FF9662720516A00123E01 /* Frameworks */,
				E51FF9672720516A00123E01 /* CopyFiles */,
			);
			buildRules = (
			);
			dependencies = (
			);
			name = operator;
			productName = operator;
			productReference = E51FF9692720516A00123E01 /* operator */;
			productType = "com.apple.product-type.tool";
		};
		E51FF9732720577E00123E01 /* judgement */ = {
			isa = PBXNativeTarget;
			buildConfigurationList = E51FF9782720577E00123E01 /* Build configuration list for PBXNativeTarget "judgement" */;
			buildPhases = (
				E51FF9702720577E00123E01 /* Sources */,
				E51FF9712720577E00123E01 /* Frameworks */,
				E51FF9722720577E00123E01 /* CopyFiles */,
			);
			buildRules = (
			);
			dependencies = (
			);
			name = judgement;
			productName = judgement;
			productReference = E51FF9742720577E00123E01 /* judgement */;
			productType = "com.apple.product-type.tool";
		};
		E5A2DDC1271F0E29006B9F0D /* learnc */ = {
			isa = PBXNativeTarget;
			buildConfigurationList = E5A2DDC9271F0E29006B9F0D /* Build configuration list for PBXNativeTarget "learnc" */;
			buildPhases = (
				E5A2DDBE271F0E29006B9F0D /* Sources */,
				E5A2DDBF271F0E29006B9F0D /* Frameworks */,
				E5A2DDC0271F0E29006B9F0D /* CopyFiles */,
			);
			buildRules = (
			);
			dependencies = (
			);
			name = learnc;
			productName = learnc;
			productReference = E5A2DDC2271F0E29006B9F0D /* learnc */;
			productType = "com.apple.product-type.tool";
		};
		E5A2DDD9271F1550006B9F0D /* getsize */ = {
			isa = PBXNativeTarget;
			buildConfigurationList = E5A2DDDE271F1550006B9F0D /* Build configuration list for PBXNativeTarget "getsize" */;
			buildPhases = (
				E5A2DDD6271F1550006B9F0D /* Sources */,
				E5A2DDD7271F1550006B9F0D /* Frameworks */,
				E5A2DDD8271F1550006B9F0D /* CopyFiles */,
			);
			buildRules = (
			);
			dependencies = (
			);
			name = getsize;
			productName = getsize;
			productReference = E5A2DDDA271F1550006B9F0D /* getsize */;
			productType = "com.apple.product-type.tool";
		};
		E5A2DDE9271F1A70006B9F0D /* variant */ = {
			isa = PBXNativeTarget;
			buildConfigurationList = E5A2DDEE271F1A70006B9F0D /* Build configuration list for PBXNativeTarget "variant" */;
			buildPhases = (
				E5A2DDE6271F1A70006B9F0D /* Sources */,
				E5A2DDE7271F1A70006B9F0D /* Frameworks */,
				E5A2DDE8271F1A70006B9F0D /* CopyFiles */,
			);
			buildRules = (
			);
			dependencies = (
			);
			name = variant;
			productName = variant;
			productReference = E5A2DDEA271F1A70006B9F0D /* variant */;
			productType = "com.apple.product-type.tool";
		};
		E5A2DDF827203D9B006B9F0D /* bool_variant */ = {
			isa = PBXNativeTarget;
			buildConfigurationList = E5A2DDFD27203D9B006B9F0D /* Build configuration list for PBXNativeTarget "bool_variant" */;
			buildPhases = (
				E5A2DDF527203D9B006B9F0D /* Sources */,
				E5A2DDF627203D9B006B9F0D /* Frameworks */,
				E5A2DDF727203D9B006B9F0D /* CopyFiles */,
			);
			buildRules = (
			);
			dependencies = (
			);
			name = bool_variant;
			productName = bool_variant;
			productReference = E5A2DDF927203D9B006B9F0D /* bool_variant */;
			productType = "com.apple.product-type.tool";
		};
		E5A2DE05272044DC006B9F0D /* constant */ = {
			isa = PBXNativeTarget;
			buildConfigurationList = E5A2DE0A272044DC006B9F0D /* Build configuration list for PBXNativeTarget "constant" */;
			buildPhases = (
				E5A2DE02272044DC006B9F0D /* Sources */,
				E5A2DE03272044DC006B9F0D /* Frameworks */,
				E5A2DE04272044DC006B9F0D /* CopyFiles */,
			);
			buildRules = (
			);
			dependencies = (
			);
			name = constant;
			productName = constant;
			productReference = E5A2DE06272044DC006B9F0D /* constant */;
			productType = "com.apple.product-type.tool";
		};
		E5A2DE1227204C9B006B9F0D /* storage_type */ = {
			isa = PBXNativeTarget;
			buildConfigurationList = E5A2DE1727204C9B006B9F0D /* Build configuration list for PBXNativeTarget "storage_type" */;
			buildPhases = (
				E5A2DE0F27204C9B006B9F0D /* Sources */,
				E5A2DE1027204C9B006B9F0D /* Frameworks */,
				E5A2DE1127204C9B006B9F0D /* CopyFiles */,
			);
			buildRules = (
			);
			dependencies = (
			);
			name = storage_type;
			productName = storage_type;
			productReference = E5A2DE1327204C9B006B9F0D /* storage_type */;
			productType = "com.apple.product-type.tool";
		};
/* End PBXNativeTarget section */

/* Begin PBXProject section */
		E5A2DDBA271F0E29006B9F0D /* Project object */ = {
			isa = PBXProject;
			attributes = {
				BuildIndependentTargetsInParallel = 1;
				LastUpgradeCheck = 1300;
				TargetAttributes = {
					E50FE1282726DD4E000EFD30 = {
						CreatedOnToolsVersion = 13.0;
					};
					E50FE1332726E953000EFD30 = {
						CreatedOnToolsVersion = 13.0;
					};
					E50FE1432726F3DE000EFD30 = {
						CreatedOnToolsVersion = 13.0;
					};
					E50FE14F27283DB1000EFD30 = {
						CreatedOnToolsVersion = 13.0;
					};
					E50FE15B2728465D000EFD30 = {
						CreatedOnToolsVersion = 13.0;
					};
					E51FF9682720516A00123E01 = {
						CreatedOnToolsVersion = 13.0;
					};
					E51FF9732720577E00123E01 = {
						CreatedOnToolsVersion = 13.0;
					};
					E5A2DDC1271F0E29006B9F0D = {
						CreatedOnToolsVersion = 13.0;
					};
					E5A2DDD9271F1550006B9F0D = {
						CreatedOnToolsVersion = 13.0;
					};
					E5A2DDE9271F1A70006B9F0D = {
						CreatedOnToolsVersion = 13.0;
					};
					E5A2DDF827203D9B006B9F0D = {
						CreatedOnToolsVersion = 13.0;
					};
					E5A2DE05272044DC006B9F0D = {
						CreatedOnToolsVersion = 13.0;
					};
					E5A2DE1227204C9B006B9F0D = {
						CreatedOnToolsVersion = 13.0;
					};
				};
			};
			buildConfigurationList = E5A2DDBD271F0E29006B9F0D /* Build configuration list for PBXProject "learnc" */;
			compatibilityVersion = "Xcode 13.0";
			developmentRegion = en;
			hasScannedForEncodings = 0;
			knownRegions = (
				en,
				Base,
			);
			mainGroup = E5A2DDB9271F0E29006B9F0D;
			productRefGroup = E5A2DDC3271F0E29006B9F0D /* Products */;
			projectDirPath = "";
			projectRoot = "";
			targets = (
				E5A2DDC1271F0E29006B9F0D /* learnc */,
				E5A2DDD9271F1550006B9F0D /* getsize */,
				E5A2DDE9271F1A70006B9F0D /* variant */,
				E5A2DDF827203D9B006B9F0D /* bool_variant */,
				E5A2DE05272044DC006B9F0D /* constant */,
				E5A2DE1227204C9B006B9F0D /* storage_type */,
				E51FF9682720516A00123E01 /* operator */,
				E51FF9732720577E00123E01 /* judgement */,
				E50FE1282726DD4E000EFD30 /* loop */,
				E50FE1332726E953000EFD30 /* function */,
				E50FE1432726F3DE000EFD30 /* scope */,
				E50FE14F27283DB1000EFD30 /* array */,
				E50FE15B2728465D000EFD30 /* function_return_array */,
			);
		};
/* End PBXProject section */

/* Begin PBXSourcesBuildPhase section */
		E50FE1252726DD4E000EFD30 /* Sources */ = {
			isa = PBXSourcesBuildPhase;
			buildActionMask = 2147483647;
			files = (
				E50FE12C2726DD4E000EFD30 /* main.c in Sources */,
			);
			runOnlyForDeploymentPostprocessing = 0;
		};
		E50FE1302726E953000EFD30 /* Sources */ = {
			isa = PBXSourcesBuildPhase;
			buildActionMask = 2147483647;
			files = (
				E50FE13F2726ECEC000EFD30 /* print.c in Sources */,
				E50FE13D2726ECA4000EFD30 /* enter.c in Sources */,
				E50FE1372726E953000EFD30 /* main.c in Sources */,
			);
			runOnlyForDeploymentPostprocessing = 0;
		};
		E50FE1402726F3DE000EFD30 /* Sources */ = {
			isa = PBXSourcesBuildPhase;
			buildActionMask = 2147483647;
			files = (
				E50FE1472726F3DE000EFD30 /* main.c in Sources */,
			);
			runOnlyForDeploymentPostprocessing = 0;
		};
		E50FE14C27283DB1000EFD30 /* Sources */ = {
			isa = PBXSourcesBuildPhase;
			buildActionMask = 2147483647;
			files = (
				E50FE15327283DB1000EFD30 /* main.c in Sources */,
			);
			runOnlyForDeploymentPostprocessing = 0;
		};
		E50FE1582728465D000EFD30 /* Sources */ = {
			isa = PBXSourcesBuildPhase;
			buildActionMask = 2147483647;
			files = (
				E50FE15F2728465D000EFD30 /* main.c in Sources */,
			);
			runOnlyForDeploymentPostprocessing = 0;
		};
		E51FF9652720516A00123E01 /* Sources */ = {
			isa = PBXSourcesBuildPhase;
			buildActionMask = 2147483647;
			files = (
				E51FF96C2720516A00123E01 /* main.c in Sources */,
			);
			runOnlyForDeploymentPostprocessing = 0;
		};
		E51FF9702720577E00123E01 /* Sources */ = {
			isa = PBXSourcesBuildPhase;
			buildActionMask = 2147483647;
			files = (
				E51FF9772720577E00123E01 /* main.c in Sources */,
			);
			runOnlyForDeploymentPostprocessing = 0;
		};
		E5A2DDBE271F0E29006B9F0D /* Sources */ = {
			isa = PBXSourcesBuildPhase;
			buildActionMask = 2147483647;
			files = (
				E5A2DDC6271F0E29006B9F0D /* main.c in Sources */,
			);
			runOnlyForDeploymentPostprocessing = 0;
		};
		E5A2DDD6271F1550006B9F0D /* Sources */ = {
			isa = PBXSourcesBuildPhase;
			buildActionMask = 2147483647;
			files = (
				E5A2DDE5271F17CE006B9F0D /* main.c in Sources */,
			);
			runOnlyForDeploymentPostprocessing = 0;
		};
		E5A2DDE6271F1A70006B9F0D /* Sources */ = {
			isa = PBXSourcesBuildPhase;
			buildActionMask = 2147483647;
			files = (
				E5A2DDED271F1A70006B9F0D /* main.c in Sources */,
				E5A2DDF2271F1A9B006B9F0D /* addtwonum.c in Sources */,
			);
			runOnlyForDeploymentPostprocessing = 0;
		};
		E5A2DDF527203D9B006B9F0D /* Sources */ = {
			isa = PBXSourcesBuildPhase;
			buildActionMask = 2147483647;
			files = (
				E5A2DDFC27203D9B006B9F0D /* main.c in Sources */,
			);
			runOnlyForDeploymentPostprocessing = 0;
		};
		E5A2DE02272044DC006B9F0D /* Sources */ = {
			isa = PBXSourcesBuildPhase;
			buildActionMask = 2147483647;
			files = (
				E5A2DE09272044DC006B9F0D /* main.c in Sources */,
			);
			runOnlyForDeploymentPostprocessing = 0;
		};
		E5A2DE0F27204C9B006B9F0D /* Sources */ = {
			isa = PBXSourcesBuildPhase;
			buildActionMask = 2147483647;
			files = (
				E5A2DE1627204C9B006B9F0D /* main.c in Sources */,
			);
			runOnlyForDeploymentPostprocessing = 0;
		};
/* End PBXSourcesBuildPhase section */

/* Begin XCBuildConfiguration section */
		E50FE12D2726DD4E000EFD30 /* Debug */ = {
			isa = XCBuildConfiguration;
			buildSettings = {
				CODE_SIGN_STYLE = Automatic;
				PRODUCT_NAME = "$(TARGET_NAME)";
			};
			name = Debug;
		};
		E50FE12E2726DD4E000EFD30 /* Release */ = {
			isa = XCBuildConfiguration;
			buildSettings = {
				CODE_SIGN_STYLE = Automatic;
				PRODUCT_NAME = "$(TARGET_NAME)";
			};
			name = Release;
		};
		E50FE1392726E953000EFD30 /* Debug */ = {
			isa = XCBuildConfiguration;
			buildSettings = {
				CODE_SIGN_STYLE = Automatic;
				PRODUCT_NAME = "$(TARGET_NAME)";
			};
			name = Debug;
		};
		E50FE13A2726E953000EFD30 /* Release */ = {
			isa = XCBuildConfiguration;
			buildSettings = {
				CODE_SIGN_STYLE = Automatic;
				PRODUCT_NAME = "$(TARGET_NAME)";
			};
			name = Release;
		};
		E50FE1492726F3DE000EFD30 /* Debug */ = {
			isa = XCBuildConfiguration;
			buildSettings = {
				CODE_SIGN_STYLE = Automatic;
				PRODUCT_NAME = "$(TARGET_NAME)";
			};
			name = Debug;
		};
		E50FE14A2726F3DE000EFD30 /* Release */ = {
			isa = XCBuildConfiguration;
			buildSettings = {
				CODE_SIGN_STYLE = Automatic;
				PRODUCT_NAME = "$(TARGET_NAME)";
			};
			name = Release;
		};
		E50FE15427283DB1000EFD30 /* Debug */ = {
			isa = XCBuildConfiguration;
			buildSettings = {
				CODE_SIGN_STYLE = Automatic;
				PRODUCT_NAME = "$(TARGET_NAME)";
			};
			name = Debug;
		};
		E50FE15527283DB1000EFD30 /* Release */ = {
			isa = XCBuildConfiguration;
			buildSettings = {
				CODE_SIGN_STYLE = Automatic;
				PRODUCT_NAME = "$(TARGET_NAME)";
			};
			name = Release;
		};
		E50FE1612728465D000EFD30 /* Debug */ = {
			isa = XCBuildConfiguration;
			buildSettings = {
				CODE_SIGN_STYLE = Automatic;
				PRODUCT_NAME = "$(TARGET_NAME)";
			};
			name = Debug;
		};
		E50FE1622728465D000EFD30 /* Release */ = {
			isa = XCBuildConfiguration;
			buildSettings = {
				CODE_SIGN_STYLE = Automatic;
				PRODUCT_NAME = "$(TARGET_NAME)";
			};
			name = Release;
		};
		E51FF96E2720516A00123E01 /* Debug */ = {
			isa = XCBuildConfiguration;
			buildSettings = {
				CODE_SIGN_STYLE = Automatic;
				PRODUCT_NAME = "$(TARGET_NAME)";
			};
			name = Debug;
		};
		E51FF96F2720516A00123E01 /* Release */ = {
			isa = XCBuildConfiguration;
			buildSettings = {
				CODE_SIGN_STYLE = Automatic;
				PRODUCT_NAME = "$(TARGET_NAME)";
			};
			name = Release;
		};
		E51FF9792720577E00123E01 /* Debug */ = {
			isa = XCBuildConfiguration;
			buildSettings = {
				CODE_SIGN_STYLE = Automatic;
				PRODUCT_NAME = "$(TARGET_NAME)";
			};
			name = Debug;
		};
		E51FF97A2720577E00123E01 /* Release */ = {
			isa = XCBuildConfiguration;
			buildSettings = {
				CODE_SIGN_STYLE = Automatic;
				PRODUCT_NAME = "$(TARGET_NAME)";
			};
			name = Release;
		};
		E5A2DDC7271F0E29006B9F0D /* Debug */ = {
			isa = XCBuildConfiguration;
			buildSettings = {
				ALWAYS_SEARCH_USER_PATHS = NO;
				CLANG_ANALYZER_NONNULL = YES;
				CLANG_ANALYZER_NUMBER_OBJECT_CONVERSION = YES_AGGRESSIVE;
				CLANG_CXX_LANGUAGE_STANDARD = "gnu++17";
				CLANG_CXX_LIBRARY = "libc++";
				CLANG_ENABLE_MODULES = YES;
				CLANG_ENABLE_OBJC_ARC = YES;
				CLANG_ENABLE_OBJC_WEAK = YES;
				CLANG_WARN_BLOCK_CAPTURE_AUTORELEASING = YES;
				CLANG_WARN_BOOL_CONVERSION = YES;
				CLANG_WARN_COMMA = YES;
				CLANG_WARN_CONSTANT_CONVERSION = YES;
				CLANG_WARN_DEPRECATED_OBJC_IMPLEMENTATIONS = YES;
				CLANG_WARN_DIRECT_OBJC_ISA_USAGE = YES_ERROR;
				CLANG_WARN_DOCUMENTATION_COMMENTS = YES;
				CLANG_WARN_EMPTY_BODY = YES;
				CLANG_WARN_ENUM_CONVERSION = YES;
				CLANG_WARN_INFINITE_RECURSION = YES;
				CLANG_WARN_INT_CONVERSION = YES;
				CLANG_WARN_NON_LITERAL_NULL_CONVERSION = YES;
				CLANG_WARN_OBJC_IMPLICIT_RETAIN_SELF = YES;
				CLANG_WARN_OBJC_LITERAL_CONVERSION = YES;
				CLANG_WARN_OBJC_ROOT_CLASS = YES_ERROR;
				CLANG_WARN_QUOTED_INCLUDE_IN_FRAMEWORK_HEADER = YES;
				CLANG_WARN_RANGE_LOOP_ANALYSIS = YES;
				CLANG_WARN_STRICT_PROTOTYPES = YES;
				CLANG_WARN_SUSPICIOUS_MOVE = YES;
				CLANG_WARN_UNGUARDED_AVAILABILITY = YES_AGGRESSIVE;
				CLANG_WARN_UNREACHABLE_CODE = YES;
				CLANG_WARN__DUPLICATE_METHOD_MATCH = YES;
				COPY_PHASE_STRIP = NO;
				DEBUG_INFORMATION_FORMAT = dwarf;
				ENABLE_STRICT_OBJC_MSGSEND = YES;
				ENABLE_TESTABILITY = YES;
				GCC_C_LANGUAGE_STANDARD = gnu11;
				GCC_DYNAMIC_NO_PIC = NO;
				GCC_NO_COMMON_BLOCKS = YES;
				GCC_OPTIMIZATION_LEVEL = 0;
				GCC_PREPROCESSOR_DEFINITIONS = (
					"DEBUG=1",
					"$(inherited)",
				);
				GCC_WARN_64_TO_32_BIT_CONVERSION = YES;
				GCC_WARN_ABOUT_RETURN_TYPE = YES_ERROR;
				GCC_WARN_UNDECLARED_SELECTOR = YES;
				GCC_WARN_UNINITIALIZED_AUTOS = YES_AGGRESSIVE;
				GCC_WARN_UNUSED_FUNCTION = YES;
				GCC_WARN_UNUSED_VARIABLE = YES;
				MACOSX_DEPLOYMENT_TARGET = 11.3;
				MTL_ENABLE_DEBUG_INFO = INCLUDE_SOURCE;
				MTL_FAST_MATH = YES;
				ONLY_ACTIVE_ARCH = YES;
				SDKROOT = macosx;
			};
			name = Debug;
		};
		E5A2DDC8271F0E29006B9F0D /* Release */ = {
			isa = XCBuildConfiguration;
			buildSettings = {
				ALWAYS_SEARCH_USER_PATHS = NO;
				CLANG_ANALYZER_NONNULL = YES;
				CLANG_ANALYZER_NUMBER_OBJECT_CONVERSION = YES_AGGRESSIVE;
				CLANG_CXX_LANGUAGE_STANDARD = "gnu++17";
				CLANG_CXX_LIBRARY = "libc++";
				CLANG_ENABLE_MODULES = YES;
				CLANG_ENABLE_OBJC_ARC = YES;
				CLANG_ENABLE_OBJC_WEAK = YES;
				CLANG_WARN_BLOCK_CAPTURE_AUTORELEASING = YES;
				CLANG_WARN_BOOL_CONVERSION = YES;
				CLANG_WARN_COMMA = YES;
				CLANG_WARN_CONSTANT_CONVERSION = YES;
				CLANG_WARN_DEPRECATED_OBJC_IMPLEMENTATIONS = YES;
				CLANG_WARN_DIRECT_OBJC_ISA_USAGE = YES_ERROR;
				CLANG_WARN_DOCUMENTATION_COMMENTS = YES;
				CLANG_WARN_EMPTY_BODY = YES;
				CLANG_WARN_ENUM_CONVERSION = YES;
				CLANG_WARN_INFINITE_RECURSION = YES;
				CLANG_WARN_INT_CONVERSION = YES;
				CLANG_WARN_NON_LITERAL_NULL_CONVERSION = YES;
				CLANG_WARN_OBJC_IMPLICIT_RETAIN_SELF = YES;
				CLANG_WARN_OBJC_LITERAL_CONVERSION = YES;
				CLANG_WARN_OBJC_ROOT_CLASS = YES_ERROR;
				CLANG_WARN_QUOTED_INCLUDE_IN_FRAMEWORK_HEADER = YES;
				CLANG_WARN_RANGE_LOOP_ANALYSIS = YES;
				CLANG_WARN_STRICT_PROTOTYPES = YES;
				CLANG_WARN_SUSPICIOUS_MOVE = YES;
				CLANG_WARN_UNGUARDED_AVAILABILITY = YES_AGGRESSIVE;
				CLANG_WARN_UNREACHABLE_CODE = YES;
				CLANG_WARN__DUPLICATE_METHOD_MATCH = YES;
				COPY_PHASE_STRIP = NO;
				DEBUG_INFORMATION_FORMAT = "dwarf-with-dsym";
				ENABLE_NS_ASSERTIONS = NO;
				ENABLE_STRICT_OBJC_MSGSEND = YES;
				GCC_C_LANGUAGE_STANDARD = gnu11;
				GCC_NO_COMMON_BLOCKS = YES;
				GCC_WARN_64_TO_32_BIT_CONVERSION = YES;
				GCC_WARN_ABOUT_RETURN_TYPE = YES_ERROR;
				GCC_WARN_UNDECLARED_SELECTOR = YES;
				GCC_WARN_UNINITIALIZED_AUTOS = YES_AGGRESSIVE;
				GCC_WARN_UNUSED_FUNCTION = YES;
				GCC_WARN_UNUSED_VARIABLE = YES;
				MACOSX_DEPLOYMENT_TARGET = 11.3;
				MTL_ENABLE_DEBUG_INFO = NO;
				MTL_FAST_MATH = YES;
				SDKROOT = macosx;
			};
			name = Release;
		};
		E5A2DDCA271F0E29006B9F0D /* Debug */ = {
			isa = XCBuildConfiguration;
			buildSettings = {
				CODE_SIGN_STYLE = Automatic;
				PRODUCT_NAME = "$(TARGET_NAME)";
			};
			name = Debug;
		};
		E5A2DDCB271F0E29006B9F0D /* Release */ = {
			isa = XCBuildConfiguration;
			buildSettings = {
				CODE_SIGN_STYLE = Automatic;
				PRODUCT_NAME = "$(TARGET_NAME)";
			};
			name = Release;
		};
		E5A2DDDF271F1550006B9F0D /* Debug */ = {
			isa = XCBuildConfiguration;
			buildSettings = {
				CODE_SIGN_STYLE = Automatic;
				PRODUCT_NAME = "$(TARGET_NAME)";
			};
			name = Debug;
		};
		E5A2DDE0271F1550006B9F0D /* Release */ = {
			isa = XCBuildConfiguration;
			buildSettings = {
				CODE_SIGN_STYLE = Automatic;
				PRODUCT_NAME = "$(TARGET_NAME)";
			};
			name = Release;
		};
		E5A2DDEF271F1A70006B9F0D /* Debug */ = {
			isa = XCBuildConfiguration;
			buildSettings = {
				CODE_SIGN_STYLE = Automatic;
				PRODUCT_NAME = "$(TARGET_NAME)";
			};
			name = Debug;
		};
		E5A2DDF0271F1A70006B9F0D /* Release */ = {
			isa = XCBuildConfiguration;
			buildSettings = {
				CODE_SIGN_STYLE = Automatic;
				PRODUCT_NAME = "$(TARGET_NAME)";
			};
			name = Release;
		};
		E5A2DDFE27203D9B006B9F0D /* Debug */ = {
			isa = XCBuildConfiguration;
			buildSettings = {
				CODE_SIGN_STYLE = Automatic;
				PRODUCT_NAME = "$(TARGET_NAME)";
			};
			name = Debug;
		};
		E5A2DDFF27203D9B006B9F0D /* Release */ = {
			isa = XCBuildConfiguration;
			buildSettings = {
				CODE_SIGN_STYLE = Automatic;
				PRODUCT_NAME = "$(TARGET_NAME)";
			};
			name = Release;
		};
		E5A2DE0B272044DC006B9F0D /* Debug */ = {
			isa = XCBuildConfiguration;
			buildSettings = {
				CODE_SIGN_STYLE = Automatic;
				PRODUCT_NAME = "$(TARGET_NAME)";
			};
			name = Debug;
		};
		E5A2DE0C272044DC006B9F0D /* Release */ = {
			isa = XCBuildConfiguration;
			buildSettings = {
				CODE_SIGN_STYLE = Automatic;
				PRODUCT_NAME = "$(TARGET_NAME)";
			};
			name = Release;
		};
		E5A2DE1827204C9B006B9F0D /* Debug */ = {
			isa = XCBuildConfiguration;
			buildSettings = {
				CODE_SIGN_STYLE = Automatic;
				PRODUCT_NAME = "$(TARGET_NAME)";
			};
			name = Debug;
		};
		E5A2DE1927204C9B006B9F0D /* Release */ = {
			isa = XCBuildConfiguration;
			buildSettings = {
				CODE_SIGN_STYLE = Automatic;
				PRODUCT_NAME = "$(TARGET_NAME)";
			};
			name = Release;
		};
/* End XCBuildConfiguration section */

/* Begin XCConfigurationList section */
		E50FE12F2726DD4E000EFD30 /* Build configuration list for PBXNativeTarget "loop" */ = {
			isa = XCConfigurationList;
			buildConfigurations = (
				E50FE12D2726DD4E000EFD30 /* Debug */,
				E50FE12E2726DD4E000EFD30 /* Release */,
			);
			defaultConfigurationIsVisible = 0;
			defaultConfigurationName = Release;
		};
		E50FE1382726E953000EFD30 /* Build configuration list for PBXNativeTarget "function" */ = {
			isa = XCConfigurationList;
			buildConfigurations = (
				E50FE1392726E953000EFD30 /* Debug */,
				E50FE13A2726E953000EFD30 /* Release */,
			);
			defaultConfigurationIsVisible = 0;
			defaultConfigurationName = Release;
		};
		E50FE1482726F3DE000EFD30 /* Build configuration list for PBXNativeTarget "scope" */ = {
			isa = XCConfigurationList;
			buildConfigurations = (
				E50FE1492726F3DE000EFD30 /* Debug */,
				E50FE14A2726F3DE000EFD30 /* Release */,
			);
			defaultConfigurationIsVisible = 0;
			defaultConfigurationName = Release;
		};
		E50FE15627283DB1000EFD30 /* Build configuration list for PBXNativeTarget "array" */ = {
			isa = XCConfigurationList;
			buildConfigurations = (
				E50FE15427283DB1000EFD30 /* Debug */,
				E50FE15527283DB1000EFD30 /* Release */,
			);
			defaultConfigurationIsVisible = 0;
			defaultConfigurationName = Release;
		};
		E50FE1602728465D000EFD30 /* Build configuration list for PBXNativeTarget "function_return_array" */ = {
			isa = XCConfigurationList;
			buildConfigurations = (
				E50FE1612728465D000EFD30 /* Debug */,
				E50FE1622728465D000EFD30 /* Release */,
			);
			defaultConfigurationIsVisible = 0;
			defaultConfigurationName = Release;
		};
		E51FF96D2720516A00123E01 /* Build configuration list for PBXNativeTarget "operator" */ = {
			isa = XCConfigurationList;
			buildConfigurations = (
				E51FF96E2720516A00123E01 /* Debug */,
				E51FF96F2720516A00123E01 /* Release */,
			);
			defaultConfigurationIsVisible = 0;
			defaultConfigurationName = Release;
		};
		E51FF9782720577E00123E01 /* Build configuration list for PBXNativeTarget "judgement" */ = {
			isa = XCConfigurationList;
			buildConfigurations = (
				E51FF9792720577E00123E01 /* Debug */,
				E51FF97A2720577E00123E01 /* Release */,
			);
			defaultConfigurationIsVisible = 0;
			defaultConfigurationName = Release;
		};
		E5A2DDBD271F0E29006B9F0D /* Build configuration list for PBXProject "learnc" */ = {
			isa = XCConfigurationList;
			buildConfigurations = (
				E5A2DDC7271F0E29006B9F0D /* Debug */,
				E5A2DDC8271F0E29006B9F0D /* Release */,
			);
			defaultConfigurationIsVisible = 0;
			defaultConfigurationName = Release;
		};
		E5A2DDC9271F0E29006B9F0D /* Build configuration list for PBXNativeTarget "learnc" */ = {
			isa = XCConfigurationList;
			buildConfigurations = (
				E5A2DDCA271F0E29006B9F0D /* Debug */,
				E5A2DDCB271F0E29006B9F0D /* Release */,
			);
			defaultConfigurationIsVisible = 0;
			defaultConfigurationName = Release;
		};
		E5A2DDDE271F1550006B9F0D /* Build configuration list for PBXNativeTarget "getsize" */ = {
			isa = XCConfigurationList;
			buildConfigurations = (
				E5A2DDDF271F1550006B9F0D /* Debug */,
				E5A2DDE0271F1550006B9F0D /* Release */,
			);
			defaultConfigurationIsVisible = 0;
			defaultConfigurationName = Release;
		};
		E5A2DDEE271F1A70006B9F0D /* Build configuration list for PBXNativeTarget "variant" */ = {
			isa = XCConfigurationList;
			buildConfigurations = (
				E5A2DDEF271F1A70006B9F0D /* Debug */,
				E5A2DDF0271F1A70006B9F0D /* Release */,
			);
			defaultConfigurationIsVisible = 0;
			defaultConfigurationName = Release;
		};
		E5A2DDFD27203D9B006B9F0D /* Build configuration list for PBXNativeTarget "bool_variant" */ = {
			isa = XCConfigurationList;
			buildConfigurations = (
				E5A2DDFE27203D9B006B9F0D /* Debug */,
				E5A2DDFF27203D9B006B9F0D /* Release */,
			);
			defaultConfigurationIsVisible = 0;
			defaultConfigurationName = Release;
		};
		E5A2DE0A272044DC006B9F0D /* Build configuration list for PBXNativeTarget "constant" */ = {
			isa = XCConfigurationList;
			buildConfigurations = (
				E5A2DE0B272044DC006B9F0D /* Debug */,
				E5A2DE0C272044DC006B9F0D /* Release */,
			);
			defaultConfigurationIsVisible = 0;
			defaultConfigurationName = Release;
		};
		E5A2DE1727204C9B006B9F0D /* Build configuration list for PBXNativeTarget "storage_type" */ = {
			isa = XCConfigurationList;
			buildConfigurations = (
				E5A2DE1827204C9B006B9F0D /* Debug */,
				E5A2DE1927204C9B006B9F0D /* Release */,
			);
			defaultConfigurationIsVisible = 0;
			defaultConfigurationName = Release;
		};
/* End XCConfigurationList section */
	};
	rootObject = E5A2DDBA271F0E29006B9F0D /* Project object */;
}
